PODS:
  - uiview-position (0.1.0):
    - uiview-position/Obj (= 0.1.0)
  - uiview-position/Obj (0.1.0)

DEPENDENCIES:
  - uiview-position (from `../`)

EXTERNAL SOURCES:
  uiview-position:
    :path: ../

SPEC CHECKSUMS:
  uiview-position: 260c28b924065d930b6e8b5531829873ec5de633

COCOAPODS: 0.39.0
