// !$*UTF8*$!
{
	archiveVersion = 1;
	classes = {
	};
	objectVersion = 46;
	objects = {

/* Begin PBXBuildFile section */
		F816FC141CBBCDD60086B6B6 /* main.m in Sources */ = {isa = PBXBuildFile; fileRef = F816FC131CBBCDD60086B6B6 /* main.m */; };
		F816FC171CBBCDD60086B6B6 /* AppDelegate.m in Sources */ = {isa = PBXBuildFile; fileRef = F816FC161CBBCDD60086B6B6 /* AppDelegate.m */; };
		F816FC1A1CBBCDD60086B6B6 /* ViewController.m in Sources */ = {isa = PBXBuildFile; fileRef = F816FC191CBBCDD60086B6B6 /* ViewController.m */; };
		F816FC1D1CBBCDD60086B6B6 /* Main.storyboard in Resources */ = {isa = PBXBuildFile; fileRef = F816FC1B1CBBCDD60086B6B6 /* Main.storyboard */; };
		F816FC1F1CBBCDD60086B6B6 /* Assets.xcassets in Resources */ = {isa = PBXBuildFile; fileRef = F816FC1E1CBBCDD60086B6B6 /* Assets.xcassets */; };
		F816FC221CBBCDD60086B6B6 /* LaunchScreen.storyboard in Resources */ = {isa = PBXBuildFile; fileRef = F816FC201CBBCDD60086B6B6 /* LaunchScreen.storyboard */; };
		F816FC2B1CBBCDF70086B6B6 /* UIView+Position.m in Sources */ = {isa = PBXBuildFile; fileRef = F816FC2A1CBBCDF70086B6B6 /* UIView+Position.m */; };
		F8352B601CBCE43000FC2F91 /* AppDelegate.swift in Sources */ = {isa = PBXBuildFile; fileRef = F8352B5F1CBCE43000FC2F91 /* AppDelegate.swift */; };
		F8352B621CBCE43000FC2F91 /* ViewController.swift in Sources */ = {isa = PBXBuildFile; fileRef = F8352B611CBCE43000FC2F91 /* ViewController.swift */; };
		F8352B651CBCE43000FC2F91 /* Main.storyboard in Resources */ = {isa = PBXBuildFile; fileRef = F8352B631CBCE43000FC2F91 /* Main.storyboard */; };
		F8352B671CBCE43000FC2F91 /* Assets.xcassets in Resources */ = {isa = PBXBuildFile; fileRef = F8352B661CBCE43000FC2F91 /* Assets.xcassets */; };
		F8352B6A1CBCE43000FC2F91 /* LaunchScreen.storyboard in Resources */ = {isa = PBXBuildFile; fileRef = F8352B681CBCE43000FC2F91 /* LaunchScreen.storyboard */; };
		F8352B701CBCE44400FC2F91 /* UIViewPosition.swift in Sources */ = {isa = PBXBuildFile; fileRef = F8352B6F1CBCE44400FC2F91 /* UIViewPosition.swift */; };
		F8AC68AD1CBCF27A00F3A7E3 /* CGPointRounding.swift in Sources */ = {isa = PBXBuildFile; fileRef = F8AC68AC1CBCF27A00F3A7E3 /* CGPointRounding.swift */; };
		F8AC68AF1CBCF6CE00F3A7E3 /* CGSizeRounding.swift in Sources */ = {isa = PBXBuildFile; fileRef = F8AC68AE1CBCF6CE00F3A7E3 /* CGSizeRounding.swift */; };
		F8AC68B11CBCF75D00F3A7E3 /* CGRectRounding.swift in Sources */ = {isa = PBXBuildFile; fileRef = F8AC68B01CBCF75D00F3A7E3 /* CGRectRounding.swift */; };
/* End PBXBuildFile section */

/* Begin PBXFileReference section */
		F816FC0F1CBBCDD60086B6B6 /* UIViewPosition.app */ = {isa = PBXFileReference; explicitFileType = wrapper.application; includeInIndex = 0; path = UIViewPosition.app; sourceTree = BUILT_PRODUCTS_DIR; };
		F816FC131CBBCDD60086B6B6 /* main.m */ = {isa = PBXFileReference; lastKnownFileType = sourcecode.c.objc; path = main.m; sourceTree = "<group>"; };
		F816FC151CBBCDD60086B6B6 /* AppDelegate.h */ = {isa = PBXFileReference; lastKnownFileType = sourcecode.c.h; path = AppDelegate.h; sourceTree = "<group>"; };
		F816FC161CBBCDD60086B6B6 /* AppDelegate.m */ = {isa = PBXFileReference; lastKnownFileType = sourcecode.c.objc; path = AppDelegate.m; sourceTree = "<group>"; };
		F816FC181CBBCDD60086B6B6 /* ViewController.h */ = {isa = PBXFileReference; lastKnownFileType = sourcecode.c.h; path = ViewController.h; sourceTree = "<group>"; };
		F816FC191CBBCDD60086B6B6 /* ViewController.m */ = {isa = PBXFileReference; lastKnownFileType = sourcecode.c.objc; path = ViewController.m; sourceTree = "<group>"; };
		F816FC1C1CBBCDD60086B6B6 /* Base */ = {isa = PBXFileReference; lastKnownFileType = file.storyboard; name = Base; path = Base.lproj/Main.storyboard; sourceTree = "<group>"; };
		F816FC1E1CBBCDD60086B6B6 /* Assets.xcassets */ = {isa = PBXFileReference; lastKnownFileType = folder.assetcatalog; path = Assets.xcassets; sourceTree = "<group>"; };
		F816FC211CBBCDD60086B6B6 /* Base */ = {isa = PBXFileReference; lastKnownFileType = file.storyboard; name = Base; path = Base.lproj/LaunchScreen.storyboard; sourceTree = "<group>"; };
		F816FC231CBBCDD60086B6B6 /* Info.plist */ = {isa = PBXFileReference; lastKnownFileType = text.plist.xml; path = Info.plist; sourceTree = "<group>"; };
		F816FC291CBBCDF70086B6B6 /* UIView+Position.h */ = {isa = PBXFileReference; fileEncoding = 4; lastKnownFileType = sourcecode.c.h; path = "UIView+Position.h"; sourceTree = "<group>"; };
		F816FC2A1CBBCDF70086B6B6 /* UIView+Position.m */ = {isa = PBXFileReference; fileEncoding = 4; lastKnownFileType = sourcecode.c.objc; path = "UIView+Position.m"; sourceTree = "<group>"; };
		F8352B5D1CBCE43000FC2F91 /* UIViewPositionSwift.app */ = {isa = PBXFileReference; explicitFileType = wrapper.application; includeInIndex = 0; path = UIViewPositionSwift.app; sourceTree = BUILT_PRODUCTS_DIR; };
		F8352B5F1CBCE43000FC2F91 /* AppDelegate.swift */ = {isa = PBXFileReference; lastKnownFileType = sourcecode.swift; path = AppDelegate.swift; sourceTree = "<group>"; };
		F8352B611CBCE43000FC2F91 /* ViewController.swift */ = {isa = PBXFileReference; lastKnownFileType = sourcecode.swift; path = ViewController.swift; sourceTree = "<group>"; };
		F8352B641CBCE43000FC2F91 /* Base */ = {isa = PBXFileReference; lastKnownFileType = file.storyboard; name = Base; path = Base.lproj/Main.storyboard; sourceTree = "<group>"; };
		F8352B661CBCE43000FC2F91 /* Assets.xcassets */ = {isa = PBXFileReference; lastKnownFileType = folder.assetcatalog; path = Assets.xcassets; sourceTree = "<group>"; };
		F8352B691CBCE43000FC2F91 /* Base */ = {isa = PBXFileReference; lastKnownFileType = file.storyboard; name = Base; path = Base.lproj/LaunchScreen.storyboard; sourceTree = "<group>"; };
		F8352B6B1CBCE43000FC2F91 /* Info.plist */ = {isa = PBXFileReference; lastKnownFileType = text.plist.xml; path = Info.plist; sourceTree = "<group>"; };
		F8352B6F1CBCE44400FC2F91 /* UIViewPosition.swift */ = {isa = PBXFileReference; fileEncoding = 4; lastKnownFileType = sourcecode.swift; path = UIViewPosition.swift; sourceTree = "<group>"; };
		F8AC68AC1CBCF27A00F3A7E3 /* CGPointRounding.swift */ = {isa = PBXFileReference; fileEncoding = 4; lastKnownFileType = sourcecode.swift; path = CGPointRounding.swift; sourceTree = "<group>"; };
		F8AC68AE1CBCF6CE00F3A7E3 /* CGSizeRounding.swift */ = {isa = PBXFileReference; fileEncoding = 4; lastKnownFileType = sourcecode.swift; path = CGSizeRounding.swift; sourceTree = "<group>"; };
		F8AC68B01CBCF75D00F3A7E3 /* CGRectRounding.swift */ = {isa = PBXFileReference; fileEncoding = 4; lastKnownFileType = sourcecode.swift; path = CGRectRounding.swift; sourceTree = "<group>"; };
/* End PBXFileReference section */

/* Begin PBXFrameworksBuildPhase section */
		F816FC0C1CBBCDD60086B6B6 /* Frameworks */ = {
			isa = PBXFrameworksBuildPhase;
			buildActionMask = 2147483647;
			files = (
			);
			runOnlyForDeploymentPostprocessing = 0;
		};
		F8352B5A1CBCE43000FC2F91 /* Frameworks */ = {
			isa = PBXFrameworksBuildPhase;
			buildActionMask = 2147483647;
			files = (
			);
			runOnlyForDeploymentPostprocessing = 0;
		};
/* End PBXFrameworksBuildPhase section */

/* Begin PBXGroup section */
		F816FC061CBBCDD60086B6B6 = {
			isa = PBXGroup;
			children = (
				F816FC111CBBCDD60086B6B6 /* UIViewPosition */,
				F8352B5E1CBCE43000FC2F91 /* UIViewPositionSwift */,
				F816FC101CBBCDD60086B6B6 /* Products */,
			);
			sourceTree = "<group>";
		};
		F816FC101CBBCDD60086B6B6 /* Products */ = {
			isa = PBXGroup;
			children = (
				F816FC0F1CBBCDD60086B6B6 /* UIViewPosition.app */,
				F8352B5D1CBCE43000FC2F91 /* UIViewPositionSwift.app */,
			);
			name = Products;
			sourceTree = "<group>";
		};
		F816FC111CBBCDD60086B6B6 /* UIViewPosition */ = {
			isa = PBXGroup;
			children = (
				F816FC291CBBCDF70086B6B6 /* UIView+Position.h */,
				F816FC2A1CBBCDF70086B6B6 /* UIView+Position.m */,
				F816FC151CBBCDD60086B6B6 /* AppDelegate.h */,
				F816FC161CBBCDD60086B6B6 /* AppDelegate.m */,
				F816FC181CBBCDD60086B6B6 /* ViewController.h */,
				F816FC191CBBCDD60086B6B6 /* ViewController.m */,
				F816FC1B1CBBCDD60086B6B6 /* Main.storyboard */,
				F816FC1E1CBBCDD60086B6B6 /* Assets.xcassets */,
				F816FC201CBBCDD60086B6B6 /* LaunchScreen.storyboard */,
				F816FC231CBBCDD60086B6B6 /* Info.plist */,
				F816FC121CBBCDD60086B6B6 /* Supporting Files */,
			);
			path = UIViewPosition;
			sourceTree = "<group>";
		};
		F816FC121CBBCDD60086B6B6 /* Supporting Files */ = {
			isa = PBXGroup;
			children = (
				F816FC131CBBCDD60086B6B6 /* main.m */,
			);
			name = "Supporting Files";
			sourceTree = "<group>";
		};
		F8352B5E1CBCE43000FC2F91 /* UIViewPositionSwift */ = {
			isa = PBXGroup;
			children = (
				F8352B5F1CBCE43000FC2F91 /* AppDelegate.swift */,
				F8352B611CBCE43000FC2F91 /* ViewController.swift */,
				F8352B631CBCE43000FC2F91 /* Main.storyboard */,
				F8352B661CBCE43000FC2F91 /* Assets.xcassets */,
				F8352B681CBCE43000FC2F91 /* LaunchScreen.storyboard */,
				F8352B6B1CBCE43000FC2F91 /* Info.plist */,
				F8352B6F1CBCE44400FC2F91 /* UIViewPosition.swift */,
				F8AC68AC1CBCF27A00F3A7E3 /* CGPointRounding.swift */,
				F8AC68AE1CBCF6CE00F3A7E3 /* CGSizeRounding.swift */,
				F8AC68B01CBCF75D00F3A7E3 /* CGRectRounding.swift */,
			);
			path = UIViewPositionSwift;
			sourceTree = "<group>";
		};
/* End PBXGroup section */

/* Begin PBXNativeTarget section */
		F816FC0E1CBBCDD60086B6B6 /* UIViewPosition */ = {
			isa = PBXNativeTarget;
			buildConfigurationList = F816FC261CBBCDD60086B6B6 /* Build configuration list for PBXNativeTarget "UIViewPosition" */;
			buildPhases = (
				F816FC0B1CBBCDD60086B6B6 /* Sources */,
				F816FC0C1CBBCDD60086B6B6 /* Frameworks */,
				F816FC0D1CBBCDD60086B6B6 /* Resources */,
			);
			buildRules = (
			);
			dependencies = (
			);
			name = UIViewPosition;
			productName = UIViewPosition;
			productReference = F816FC0F1CBBCDD60086B6B6 /* UIViewPosition.app */;
			productType = "com.apple.product-type.application";
		};
		F8352B5C1CBCE43000FC2F91 /* UIViewPositionSwift */ = {
			isa = PBXNativeTarget;
			buildConfigurationList = F8352B6E1CBCE43000FC2F91 /* Build configuration list for PBXNativeTarget "UIViewPositionSwift" */;
			buildPhases = (
				F8352B591CBCE43000FC2F91 /* Sources */,
				F8352B5A1CBCE43000FC2F91 /* Frameworks */,
				F8352B5B1CBCE43000FC2F91 /* Resources */,
			);
			buildRules = (
			);
			dependencies = (
			);
			name = UIViewPositionSwift;
			productName = UIViewPositionSwift;
			productReference = F8352B5D1CBCE43000FC2F91 /* UIViewPositionSwift.app */;
			productType = "com.apple.product-type.application";
		};
/* End PBXNativeTarget section */

/* Begin PBXProject section */
		F816FC071CBBCDD60086B6B6 /* Project object */ = {
			isa = PBXProject;
			attributes = {
				LastSwiftUpdateCheck = 0730;
				LastUpgradeCheck = 0730;
				ORGANIZATIONNAME = "AbZorba Games";
				TargetAttributes = {
					F816FC0E1CBBCDD60086B6B6 = {
						CreatedOnToolsVersion = 7.3;
					};
					F8352B5C1CBCE43000FC2F91 = {
						CreatedOnToolsVersion = 7.3;
					};
				};
			};
			buildConfigurationList = F816FC0A1CBBCDD60086B6B6 /* Build configuration list for PBXProject "UIViewPosition" */;
			compatibilityVersion = "Xcode 3.2";
			developmentRegion = English;
			hasScannedForEncodings = 0;
			knownRegions = (
				en,
				Base,
			);
			mainGroup = F816FC061CBBCDD60086B6B6;
			productRefGroup = F816FC101CBBCDD60086B6B6 /* Products */;
			projectDirPath = "";
			projectRoot = "";
			targets = (
				F816FC0E1CBBCDD60086B6B6 /* UIViewPosition */,
				F8352B5C1CBCE43000FC2F91 /* UIViewPositionSwift */,
			);
		};
/* End PBXProject section */

/* Begin PBXResourcesBuildPhase section */
		F816FC0D1CBBCDD60086B6B6 /* Resources */ = {
			isa = PBXResourcesBuildPhase;
			buildActionMask = 2147483647;
			files = (
				F816FC221CBBCDD60086B6B6 /* LaunchScreen.storyboard in Resources */,
				F816FC1F1CBBCDD60086B6B6 /* Assets.xcassets in Resources */,
				F816FC1D1CBBCDD60086B6B6 /* Main.storyboard in Resources */,
			);
			runOnlyForDeploymentPostprocessing = 0;
		};
		F8352B5B1CBCE43000FC2F91 /* Resources */ = {
			isa = PBXResourcesBuildPhase;
			buildActionMask = 2147483647;
			files = (
				F8352B6A1CBCE43000FC2F91 /* LaunchScreen.storyboard in Resources */,
				F8352B671CBCE43000FC2F91 /* Assets.xcassets in Resources */,
				F8352B651CBCE43000FC2F91 /* Main.storyboard in Resources */,
			);
			runOnlyForDeploymentPostprocessing = 0;
		};
/* End PBXResourcesBuildPhase section */

/* Begin PBXSourcesBuildPhase section */
		F816FC0B1CBBCDD60086B6B6 /* Sources */ = {
			isa = PBXSourcesBuildPhase;
			buildActionMask = 2147483647;
			files = (
				F816FC1A1CBBCDD60086B6B6 /* ViewController.m in Sources */,
				F816FC2B1CBBCDF70086B6B6 /* UIView+Position.m in Sources */,
				F816FC171CBBCDD60086B6B6 /* AppDelegate.m in Sources */,
				F816FC141CBBCDD60086B6B6 /* main.m in Sources */,
			);
			runOnlyForDeploymentPostprocessing = 0;
		};
		F8352B591CBCE43000FC2F91 /* Sources */ = {
			isa = PBXSourcesBuildPhase;
			buildActionMask = 2147483647;
			files = (
				F8352B701CBCE44400FC2F91 /* UIViewPosition.swift in Sources */,
				F8AC68B11CBCF75D00F3A7E3 /* CGRectRounding.swift in Sources */,
				F8352B621CBCE43000FC2F91 /* ViewController.swift in Sources */,
				F8AC68AD1CBCF27A00F3A7E3 /* CGPointRounding.swift in Sources */,
				F8AC68AF1CBCF6CE00F3A7E3 /* CGSizeRounding.swift in Sources */,
				F8352B601CBCE43000FC2F91 /* AppDelegate.swift in Sources */,
			);
			runOnlyForDeploymentPostprocessing = 0;
		};
/* End PBXSourcesBuildPhase section */

/* Begin PBXVariantGroup section */
		F816FC1B1CBBCDD60086B6B6 /* Main.storyboard */ = {
			isa = PBXVariantGroup;
			children = (
				F816FC1C1CBBCDD60086B6B6 /* Base */,
			);
			name = Main.storyboard;
			sourceTree = "<group>";
		};
		F816FC201CBBCDD60086B6B6 /* LaunchScreen.storyboard */ = {
			isa = PBXVariantGroup;
			children = (
				F816FC211CBBCDD60086B6B6 /* Base */,
			);
			name = LaunchScreen.storyboard;
			sourceTree = "<group>";
		};
		F8352B631CBCE43000FC2F91 /* Main.storyboard */ = {
			isa = PBXVariantGroup;
			children = (
				F8352B641CBCE43000FC2F91 /* Base */,
			);
			name = Main.storyboard;
			sourceTree = "<group>";
		};
		F8352B681CBCE43000FC2F91 /* LaunchScreen.storyboard */ = {
			isa = PBXVariantGroup;
			children = (
				F8352B691CBCE43000FC2F91 /* Base */,
			);
			name = LaunchScreen.storyboard;
			sourceTree = "<group>";
		};
/* End PBXVariantGroup section */

/* Begin XCBuildConfiguration section */
		F816FC241CBBCDD60086B6B6 /* Debug */ = {
			isa = XCBuildConfiguration;
			buildSettings = {
				ALWAYS_SEARCH_USER_PATHS = NO;
				CLANG_ANALYZER_NONNULL = YES;
				CLANG_CXX_LANGUAGE_STANDARD = "gnu++0x";
				CLANG_CXX_LIBRARY = "libc++";
				CLANG_ENABLE_MODULES = YES;
				CLANG_ENABLE_OBJC_ARC = YES;
				CLANG_WARN_BOOL_CONVERSION = YES;
				CLANG_WARN_CONSTANT_CONVERSION = YES;
				CLANG_WARN_DIRECT_OBJC_ISA_USAGE = YES_ERROR;
				CLANG_WARN_EMPTY_BODY = YES;
				CLANG_WARN_ENUM_CONVERSION = YES;
				CLANG_WARN_INT_CONVERSION = YES;
				CLANG_WARN_OBJC_ROOT_CLASS = YES_ERROR;
				CLANG_WARN_UNREACHABLE_CODE = YES;
				CLANG_WARN__DUPLICATE_METHOD_MATCH = YES;
				"CODE_SIGN_IDENTITY[sdk=iphoneos*]" = "iPhone Developer";
				COPY_PHASE_STRIP = NO;
				DEBUG_INFORMATION_FORMAT = dwarf;
				ENABLE_STRICT_OBJC_MSGSEND = YES;
				ENABLE_TESTABILITY = YES;
				GCC_C_LANGUAGE_STANDARD = gnu99;
				GCC_DYNAMIC_NO_PIC = NO;
				GCC_NO_COMMON_BLOCKS = YES;
				GCC_OPTIMIZATION_LEVEL = 0;
				GCC_PREPROCESSOR_DEFINITIONS = (
					"DEBUG=1",
					"$(inherited)",
				);
				GCC_WARN_64_TO_32_BIT_CONVERSION = YES;
				GCC_WARN_ABOUT_RETURN_TYPE = YES_ERROR;
				GCC_WARN_UNDECLARED_SELECTOR = YES;
				GCC_WARN_UNINITIALIZED_AUTOS = YES_AGGRESSIVE;
				GCC_WARN_UNUSED_FUNCTION = YES;
				GCC_WARN_UNUSED_VARIABLE = YES;
				IPHONEOS_DEPLOYMENT_TARGET = 9.3;
				MTL_ENABLE_DEBUG_INFO = YES;
				ONLY_ACTIVE_ARCH = YES;
				SDKROOT = iphoneos;
				TARGETED_DEVICE_FAMILY = "1,2";
			};
			name = Debug;
		};
		F816FC251CBBCDD60086B6B6 /* Release */ = {
			isa = XCBuildConfiguration;
			buildSettings = {
				ALWAYS_SEARCH_USER_PATHS = NO;
				CLANG_ANALYZER_NONNULL = YES;
				CLANG_CXX_LANGUAGE_STANDARD = "gnu++0x";
				CLANG_CXX_LIBRARY = "libc++";
				CLANG_ENABLE_MODULES = YES;
				CLANG_ENABLE_OBJC_ARC = YES;
				CLANG_WARN_BOOL_CONVERSION = YES;
				CLANG_WARN_CONSTANT_CONVERSION = YES;
				CLANG_WARN_DIRECT_OBJC_ISA_USAGE = YES_ERROR;
				CLANG_WARN_EMPTY_BODY = YES;
				CLANG_WARN_ENUM_CONVERSION = YES;
				CLANG_WARN_INT_CONVERSION = YES;
				CLANG_WARN_OBJC_ROOT_CLASS = YES_ERROR;
				CLANG_WARN_UNREACHABLE_CODE = YES;
				CLANG_WARN__DUPLICATE_METHOD_MATCH = YES;
				"CODE_SIGN_IDENTITY[sdk=iphoneos*]" = "iPhone Developer";
				COPY_PHASE_STRIP = NO;
				DEBUG_INFORMATION_FORMAT = "dwarf-with-dsym";
				ENABLE_NS_ASSERTIONS = NO;
				ENABLE_STRICT_OBJC_MSGSEND = YES;
				GCC_C_LANGUAGE_STANDARD = gnu99;
				GCC_NO_COMMON_BLOCKS = YES;
				GCC_WARN_64_TO_32_BIT_CONVERSION = YES;
				GCC_WARN_ABOUT_RETURN_TYPE = YES_ERROR;
				GCC_WARN_UNDECLARED_SELECTOR = YES;
				GCC_WARN_UNINITIALIZED_AUTOS = YES_AGGRESSIVE;
				GCC_WARN_UNUSED_FUNCTION = YES;
				GCC_WARN_UNUSED_VARIABLE = YES;
				IPHONEOS_DEPLOYMENT_TARGET = 9.3;
				MTL_ENABLE_DEBUG_INFO = NO;
				SDKROOT = iphoneos;
				TARGETED_DEVICE_FAMILY = "1,2";
				VALIDATE_PRODUCT = YES;
			};
			name = Release;
		};
		F816FC271CBBCDD60086B6B6 /* Debug */ = {
			isa = XCBuildConfiguration;
			buildSettings = {
				ASSETCATALOG_COMPILER_APPICON_NAME = AppIcon;
				INFOPLIST_FILE = UIViewPosition/Info.plist;
				LD_RUNPATH_SEARCH_PATHS = "$(inherited) @executable_path/Frameworks";
				PRODUCT_BUNDLE_IDENTIFIER = com.abzorbagames.UIViewPosition;
				PRODUCT_NAME = "$(TARGET_NAME)";
			};
			name = Debug;
		};
		F816FC281CBBCDD60086B6B6 /* Release */ = {
			isa = XCBuildConfiguration;
			buildSettings = {
				ASSETCATALOG_COMPILER_APPICON_NAME = AppIcon;
				INFOPLIST_FILE = UIViewPosition/Info.plist;
				LD_RUNPATH_SEARCH_PATHS = "$(inherited) @executable_path/Frameworks";
				PRODUCT_BUNDLE_IDENTIFIER = com.abzorbagames.UIViewPosition;
				PRODUCT_NAME = "$(TARGET_NAME)";
			};
			name = Release;
		};
		F8352B6C1CBCE43000FC2F91 /* Debug */ = {
			isa = XCBuildConfiguration;
			buildSettings = {
				ASSETCATALOG_COMPILER_APPICON_NAME = AppIcon;
				INFOPLIST_FILE = UIViewPositionSwift/Info.plist;
				LD_RUNPATH_SEARCH_PATHS = "$(inherited) @executable_path/Frameworks";
				PRODUCT_BUNDLE_IDENTIFIER = com.abzorbagames.UIViewPositionSwift;
				PRODUCT_NAME = "$(TARGET_NAME)";
				SWIFT_OPTIMIZATION_LEVEL = "-Onone";
			};
			name = Debug;
		};
		F8352B6D1CBCE43000FC2F91 /* Release */ = {
			isa = XCBuildConfiguration;
			buildSettings = {
				ASSETCATALOG_COMPILER_APPICON_NAME = AppIcon;
				INFOPLIST_FILE = UIViewPositionSwift/Info.plist;
				LD_RUNPATH_SEARCH_PATHS = "$(inherited) @executable_path/Frameworks";
				PRODUCT_BUNDLE_IDENTIFIER = com.abzorbagames.UIViewPositionSwift;
				PRODUCT_NAME = "$(TARGET_NAME)";
			};
			name = Release;
		};
/* End XCBuildConfiguration section */

/* Begin XCConfigurationList section */
		F816FC0A1CBBCDD60086B6B6 /* Build configuration list for PBXProject "UIViewPosition" */ = {
			isa = XCConfigurationList;
			buildConfigurations = (
				F816FC241CBBCDD60086B6B6 /* Debug */,
				F816FC251CBBCDD60086B6B6 /* Release */,
			);
			defaultConfigurationIsVisible = 0;
			defaultConfigurationName = Release;
		};
		F816FC261CBBCDD60086B6B6 /* Build configuration list for PBXNativeTarget "UIViewPosition" */ = {
			isa = XCConfigurationList;
			buildConfigurations = (
				F816FC271CBBCDD60086B6B6 /* Debug */,
				F816FC281CBBCDD60086B6B6 /* Release */,
			);
			defaultConfigurationIsVisible = 0;
			defaultConfigurationName = Release;
		};
		F8352B6E1CBCE43000FC2F91 /* Build configuration list for PBXNativeTarget "UIViewPositionSwift" */ = {
			isa = XCConfigurationList;
			buildConfigurations = (
				F8352B6C1CBCE43000FC2F91 /* Debug */,
				F8352B6D1CBCE43000FC2F91 /* Release */,
			);
			defaultConfigurationIsVisible = 0;
			defaultConfigurationName = Release;
		};
/* End XCConfigurationList section */
	};
	rootObject = F816FC071CBBCDD60086B6B6 /* Project object */;
}
